github.com/aws/aws-sdk-go-v2 v1.26.1 h1:5554eUqIYVWpU0YmeeYZ0wU64H2VLBs8TlhRB2L+EkA=
github.com/aws/aws-sdk-go-v2 v1.26.1/go.mod h1:ffIFB97e2yNsv4aTSGkqtHnppsIJzw7G7BReUZ3jCXM=
github.com/aws/aws-sdk-go-v2/config v1.26.1 h1:z6DqMxclFGL3Zfo+4Q0rLnAZ6yVkzCRxhRMsiRQnD1o=
github.com/aws/aws-sdk-go-v2/config v1.26.1/go.mod h1:ZB+CuKHRbb5v5F0oJtGdhFTelmrxd4iWO1lf0rQwSAg=
github.com/aws/aws-sdk-go-v2/credentials v1.16.12 h1:v/WgB8NxprNvr5inKIiVVrXPuuTegM+K8nncFkr1usU=
github.com/aws/aws-sdk-go-v2/credentials v1.16.12/go.mod h1:X21k0FjEJe+/pauud82HYiQbEr9jRKY3kXEIQ4hXeTQ=
github.com/aws/aws-sdk-go-v2/feature/ec2/imds v1.14.10 h1:w98BT5w+ao1/r5sUuiH6JkVzjowOKeOJRHERyy1vh58=
github.com/aws/aws-sdk-go-v2/feature/ec2/imds v1.14.10/go.mod h1:K2WGI7vUvkIv1HoNbfBA1bvIZ+9kL3YVmWxeKuLQsiw=
github.com/aws/aws-sdk-go-v2/internal/configsources v1.2.9 h1:v+HbZaCGmOwnTTVS86Fleq0vPzOd7tnJGbFhP0stNLs=
github.com/aws/aws-sdk-go-v2/internal/configsources v1.2.9/go.mod h1:Xjqy+Nyj7VDLBtCMkQYOw1QYfAEZCVLrfI0ezve8wd4=
github.com/aws/aws-sdk-go-v2/internal/endpoints/v2 v2.5.9 h1:N94sVhRACtXyVcjXxrwK1SKFIJrA9pOJ5yu2eSHnmls=
github.com/aws/aws-sdk-go-v2/internal/endpoints/v2 v2.5.9/go.mod h1:hqamLz7g1/4EJP+GH5NBhcUMLjW+gKLQabgyz6/7WAU=
github.com/aws/aws-sdk-go-v2/internal/ini v1.7.2 h1:GrSw8s0Gs/5zZ0SX+gX4zQjRnRsMJDJ2sLur1gRBhEM=
github.com/aws/aws-sdk-go-v2/internal/ini v1.7.2/go.mod h1:6fQQgfuGmw8Al/3M2IgIllycxV7ZW7WCdVSqfBeUiCY=
github.com/aws/aws-sdk-go-v2/service/internal/accept-encoding v1.10.4 h1:/b31bi3YVNlkzkBrm9LfpaKoaYZUxIAj4sHfOTmLfqw=
github.com/aws/aws-sdk-go-v2/service/internal/accept-encoding v1.10.4/go.mod h1:2aGXHFmbInwgP9ZfpmdIfOELL79zhdNYNmReK8qDfdQ=
github.com/aws/aws-sdk-go-v2/service/internal/presigned-url v1.10.9 h1:Nf2sHxjMJR8CSImIVCONRi4g0Su3J+TSTbS7G0pUeMU=
github.com/aws/aws-sdk-go-v2/service/internal/presigned-url v1.10.9/go.mod h1:idky4TER38YIjr2cADF1/ugFMKvZV7p//pVeV5LZbF0=
github.com/aws/aws-sdk-go-v2/service/sso v1.18.5 h1:ldSFWz9tEHAwHNmjx2Cvy1MjP5/L9kNoR0skc6wyOOM=
github.com/aws/aws-sdk-go-v2/service/sso v1.18.5/go.mod h1:CaFfXLYL376jgbP7VKC96uFcU8Rlavak0UlAwk1Dlhc=
github.com/aws/aws-sdk-go-v2/service/ssooidc v1.21.5 h1:2k9KmFawS63euAkY4/ixVNsYYwrwnd5fIvgEKkfZFNM=
github.com/aws/aws-sdk-go-v2/service/ssooidc v1.21.5/go.mod h1:W+nd4wWDVkSUIox9bacmkBP5NMFQeTJ/xqNabpzSR38=
github.com/aws/aws-sdk-go-v2/service/sts v1.26.5 h1:5UYvv8JUvllZsRnfrcMQ+hJ9jNICmcgKPAO1CER25Wg=
github.com/aws/aws-sdk-go-v2/service/sts v1.26.5/go.mod h1:XX5gh4CB7wAs4KhcF46G6C8a2i7eupU19dcAAE+EydU=
github.com/aws/smithy-go v1.20.2 h1:tbp628ireGtzcHDDmLT/6ADHidqnwgF57XOXZe6tp4Q=
github.com/aws/smithy-go v1.20.2/go.mod h1:krry+ya/rV9RDcV/Q16kpu6ypI4K2czasz0NC3qS14E=
github.com/cenkalti/backoff/v4 v4.3.0 h1:MyRJ/UdXutAwSAT+s3wNd7MfTIcy71VQueUuFK343L8=
github.com/cenkalti/backoff/v4 v4.3.0/go.mod h1:Y3VNntkOUPxTVeUxJ/G5vcM//AlwfmyYozVcomhLiZE=
github.com/davecgh/go-spew v1.1.1 h1:vj9j/u1bqnvCEfJOwUhtlOARqs3+rkHYY13jYWTU97c=
github.com/davecgh/go-spew v1.1.1/go.mod h1:J7Y8YcW2NihsgmVo/mv3lAwl/skON4iLHjSsI+c5H38=
github.com/fatih/color v1.18.0 h1:S8gINlzdQ840/4pfAwic/ZE0djQEH3wM94VfqLTZcOM=
github.com/fatih/color v1.18.0/go.mod h1:4FelSpRwEGDpQ12mAdzqdOukCy4u8WUtOY6lkT/6HfU=
github.com/go-jose/go-jose/v4 v4.1.1 h1:JYhSgy4mXXzAdF3nUx3ygx347LRXJRrpgyU3adRmkAI=
github.com/go-jose/go-jose/v4 v4.1.1/go.mod h1:BdsZGqgdO3b6tTc6LSE56wcDbMMLuPsw5d4ZD5f94kA=
github.com/go-test/deep v1.1.1 h1:0r/53hagsehfO4bzD2Pgr/+RgHqhmf+k1Bpse2cTu1U=
github.com/go-test/deep v1.1.1/go.mod h1:5C2ZWiW0ErCdrYzpqxLbTX7MG14M9iiw8DgHncVwcsE=
github.com/google/go-cmp v0.5.8 h1:e6P7q2lk1O+qJJb4BtCQXlK8vWEO8V1ZeuEdJNOqZyg=
github.com/google/go-cmp v0.5.8/go.mod h1:17dUlkBOakJ0+DkrSSNjCkIjxS6bF9zb3elmeNGIjoY=
github.com/hashicorp/errwrap v1.0.0/go.mod h1:YH+1FKiLXxHSkmPseP+kNlulaMuP3n2brvKWEqk/Jc4=
github.com/hashicorp/errwrap v1.1.0 h1:OxrOeh75EUXMY8TBjag2fzXGZ40LB6IKw45YeGUDY2I=
github.com/hashicorp/errwrap v1.1.0/go.mod h1:YH+1FKiLXxHSkmPseP+kNlulaMuP3n2brvKWEqk/Jc4=
github.com/hashicorp/go-cleanhttp v0.5.2 h1:035FKYIWjmULyFRBKPs8TBQoi0x6d9G4xc9neXJWAZQ=
github.com/hashicorp/go-cleanhttp v0.5.2/go.mod h1:kO/YDlP8L1346E6Sodw+PrpBSV4/SoxCXGY6BqNFT48=
github.com/hashicorp/go-hclog v1.6.3 h1:Qr2kF+eVWjTiYmU7Y31tYlP1h0q/X3Nl3tPGdaB11/k=
github.com/hashicorp/go-hclog v1.6.3/go.mod h1:W4Qnvbt70Wk/zYJryRzDRU/4r0kIg0PVHBcfoyhpF5M=
github.com/hashicorp/go-multierror v1.1.1 h1:H5DkEtf6CXdFp0N0Em5UCwQpXMWke8IA0+lD48awMYo=
github.com/hashicorp/go-multierror v1.1.1/go.mod h1:iw975J/qwKPdAO1clOe2L8331t/9/fmwbPZ6JB6eMoM=
github.com/hashicorp/go-retryablehttp v0.7.8 h1:ylXZWnqa7Lhqpk0L1P1LzDtGcCR0rPVUrx/c8Unxc48=
github.com/hashicorp/go-retryablehttp v0.7.8/go.mod h1:rjiScheydd+CxvumBsIrFKlx3iS0jrZ7LvzFGFmuKbw=
github.com/hashicorp/go-rootcerts v1.0.2 h1:jzhAVGtqPKbwpyCPELlgNWhE1znq+qwJtW5Oi2viEzc=
github.com/hashicorp/go-rootcerts v1.0.2/go.mod h1:pqUvnprVnM5bf7AOirdbb01K4ccR319Vf4pU3K5EGc8=
github.com/hashicorp/go-secure-stdlib/parseutil v0.2.0 h1:U+kC2dOhMFQctRfhK0gRctKAPTloZdMU5ZJxaesJ/VM=
github.com/hashicorp/go-secure-stdlib/parseutil v0.2.0/go.mod h1:Ll013mhdmsVDuoIXVfBtvgGJsXDYkTw1kooNcoCXuE0=
github.com/hashicorp/go-secure-stdlib/strutil v0.1.2 h1:kes8mmyCpxJsI7FTwtzRqEy9CdjCtrXrXGuOpxEA7Ts=
github.com/hashicorp/go-secure-stdlib/strutil v0.1.2/go.mod h1:Gou2R9+il93BqX25LAKCLuM+y9U2T4hlwvT1yprcna4=
github.com/hashicorp/go-sockaddr v1.0.7 h1:G+pTkSO01HpR5qCxg7lxfsFEZaG+C0VssTy/9dbT+Fw=
github.com/hashicorp/go-sockaddr v1.0.7/go.mod h1:FZQbEYa1pxkQ7WLpyXJ6cbjpT8q0YgQaK/JakXqGyWw=
github.com/hashicorp/go-uuid v1.0.2 h1:cfejS+Tpcp13yd5nYHWDI6qVCny6wyX2Mt5SGur2IGE=
github.com/hashicorp/go-uuid v1.0.2/go.mod h1:6SBZvOh/SIDV7/2o3Jml5SYk/TvGqwFJ/bN7x4byOro=
github.com/hashicorp/hcl v1.0.1-vault-7 h1:ag5OxFVy3QYTFTJODRzTKVZ6xvdfLLCA1cy/Y6xGI0I=
github.com/hashicorp/hcl v1.0.1-vault-7/go.mod h1:XYhtn6ijBSAj6n4YqAaf7RBPS4I06AItNorpy+MoQNM=
github.com/hashicorp/vault/api v1.22.0 h1:+HYFquE35/B74fHoIeXlZIP2YADVboaPjaSicHEZiH0=
github.com/hashicorp/vault/api v1.22.0/go.mod h1:IUZA2cDvr4Ok3+NtK2Oq/r+lJeXkeCrHRmqdyWfpmGM=
github.com/mattn/go-colorable v0.1.14 h1:9A9LHSqF/7dyVVX6g0U9cwm9pG3kP9gSzcuIPHPsaIE=
github.com/mattn/go-colorable v0.1.14/go.mod h1:6LmQG8QLFO4G5z1gPvYEzlUgJ2wF+stgPZH1UqBm1s8=
github.com/mattn/go-isatty v0.0.20 h1:xfD0iDuEKnDkl03q4limB+vH+GxLEtL/jb4xVJSWWEY=
github.com/mattn/go-isatty v0.0.20/go.mod h1:W+V8PltTTMOvKvAeJH7IuucS94S2C6jfK/D7dTCTo3Y=
github.com/mitchellh/go-homedir v1.1.0 h1:lukF9ziXFxDFPkA1vsr5zpc1XuPDn/wFntq5mG+4E0Y=
github.com/mitchellh/go-homedir v1.1.0/go.mod h1:SfyaCUpYCn1Vlf4IUYiD9fPX4A5wJrkLzIz1N1q0pr0=
github.com/mitchellh/mapstructure v1.5.0 h1:jeMsZIYE/09sWLaz43PL7Gy6RuMjD2eJVyuac5Z2hdY=
github.com/mitchellh/mapstructure v1.5.0/go.mod h1:bFUtVrKA4DC2yAKiSyO/QUcy7e+RRV2QTWOzhPopBRo=
github.com/pmezard/go-difflib v1.0.0 h1:4DBwDE0NGyQoBHbLQYPwSUPoCMWR5BEzIk/f1lZbAQM=
github.com/pmezard/go-difflib v1.0.0/go.mod h1:iKH77koFhYxTK1pcRnkKkqfTogsbg7gZNVY4sRDYZ/4=
github.com/ryanuber/go-glob v1.0.0 h1:iQh3xXAumdQ+4Ufa5b25cRpC5TYKlno6hsv6Cb3pkBk=
github.com/ryanuber/go-glob v1.0.0/go.mod h1:807d1WSdnB0XRJzKNil9Om6lcp/3a0v4qIHxIXzX/Yc=
github.com/stretchr/testify v1.10.0 h1:Xv5erBjTwe/5IxqUQTdXv5kgmIvbHo3QQyRwhJsOfJA=
github.com/stretchr/testify v1.10.0/go.mod h1:r2ic/lqez/lEtzL7wO/rwa5dbSLXVDPFyf8C91i36aY=
golang.org/x/crypto v0.45.0 h1:jMBrvKuj23MTlT0bQEOBcAE0mjg8mK9RXFhRH6nyF3Q=
golang.org/x/crypto v0.45.0/go.mod h1:XTGrrkGJve7CYK7J8PEww4aY7gM3qMCElcJQ8n8JdX4=
golang.org/x/net v0.47.0 h1:Mx+4dIFzqraBXUugkia1OOvlD6LemFo1ALMHjrXDOhY=
golang.org/x/net v0.47.0/go.mod h1:/jNxtkgq5yWUGYkaZGqo27cfGZ1c5Nen03aYrrKpVRU=
golang.org/x/sys v0.38.0 h1:3yZWxaJjBmCWXqhN1qh02AkOnCQ1poK6oF+a7xWL6Gc=
golang.org/x/sys v0.38.0/go.mod h1:OgkHotnGiDImocRcuBABYBEXf8A9a87e/uXjp9XT3ks=
golang.org/x/text v0.31.0 h1:aC8ghyu4JhP8VojJ2lEHBnochRno1sgL6nEi9WGFGMM=
golang.org/x/text v0.31.0/go.mod h1:tKRAlv61yKIjGGHX/4tP1LTbc13YSec1pxVEWXzfoeM=
golang.org/x/time v0.12.0 h1:ScB/8o8olJvc+CQPWrK3fPZNfh7qgwCrY0zJmoEQLSE=
golang.org/x/time v0.12.0/go.mod h1:CDIdPxbZBQxdj6cxyCIdrNogrJKMJ7pr37NYpMcMDSg=
gopkg.in/yaml.v3 v3.0.1 h1:fxVm/GzAzEWqLHuvctI91KS9hhNmmWOoWu0XTYJS7CA=
gopkg.in/yaml.v3 v3.0.1/go.mod h1:K4uyk7z7BCEPqu6E+C64Yfv1cQ7kz7rIZviUmN+EgEM=
