# Generated by buf. DO NOT EDIT.
version: v1
deps:
  - remote: buf.build
    owner: hashicorp
    repository: go-kms-wrapping
    commit: b117606343c8401082b98ec432af4cce
    digest: shake256:6d6ec23f81669bf1d380b0783e6b4b86805f28733aed46222e7358441402b71760689ea10b45592db98caa3215a115120e03b1319192dfc918f966ccdc845715
