dario.cat/mergo v1.0.1 h1:Ra4+bf83h2ztPIQYNP99R6m+Y7KfnARDfID+a+vLl4s=
dario.cat/mergo v1.0.1/go.mod h1:uNxQE+84aUszobStD9th8a29P2fMDhsBdgRYvZOxGmk=
github.com/DataDog/appsec-internal-go v1.6.0 h1:QHvPOv/O0s2fSI/BraZJNpRDAtdlrRm5APJFZNBxjAw=
github.com/DataDog/appsec-internal-go v1.6.0/go.mod h1:pEp8gjfNLtEOmz+iZqC8bXhu0h4k7NUsW/qiQb34k1U=
github.com/DataDog/datadog-agent/pkg/obfuscate v0.48.0 h1:bUMSNsw1iofWiju9yc1f+kBd33E3hMJtq9GuU602Iy8=
github.com/DataDog/datadog-agent/pkg/obfuscate v0.48.0/go.mod h1:HzySONXnAgSmIQfL6gOv9hWprKJkx8CicuXuUbmgWfo=
github.com/DataDog/datadog-agent/pkg/remoteconfig/state v0.48.1 h1:5nE6N3JSs2IG3xzMthNFhXfOaXlrsdgqmJ73lndFf8c=
github.com/DataDog/datadog-agent/pkg/remoteconfig/state v0.48.1/go.mod h1:Vc+snp0Bey4MrrJyiV2tVxxJb6BmLomPvN1RgAvjGaQ=
github.com/DataDog/datadog-go/v5 v5.3.0 h1:2q2qjFOb3RwAZNU+ez27ZVDwErJv5/VpbBPprz7Z+s8=
github.com/DataDog/datadog-go/v5 v5.3.0/go.mod h1:XRDJk1pTc00gm+ZDiBKsjh7oOOtJfYfglVCmFb8C2+Q=
github.com/DataDog/go-libddwaf/v3 v3.2.1 h1:lZPc6UxCOwioHc++nsldKR50FpIrRh1uGnGLuryqnE8=
github.com/DataDog/go-libddwaf/v3 v3.2.1/go.mod h1:AP+7Atb8ftSsrha35wht7+K3R+xuzfVSQhabSO4w6CY=
github.com/DataDog/go-tuf v1.0.2-0.5.2 h1:EeZr937eKAWPxJ26IykAdWA4A0jQXJgkhUjqEI/w7+I=
github.com/DataDog/go-tuf v1.0.2-0.5.2/go.mod h1:zBcq6f654iVqmkk8n2Cx81E1JnNTMOAx1UEO/wZR+P0=
github.com/DataDog/sketches-go v1.4.5 h1:ki7VfeNz7IcNafq7yI/j5U/YCkO3LJiMDtXz9OMQbyE=
github.com/DataDog/sketches-go v1.4.5/go.mod h1:7Y8GN8Jf66DLyDhc94zuWA3uHEt/7ttt8jHOBWWrSOg=
github.com/Masterminds/semver v1.5.0 h1:H65muMkzWKEuNDnfl9d70GUjFniHKHRbFPGBuZ3QEww=
github.com/Masterminds/semver v1.5.0/go.mod h1:MB6lktGJrhw8PrUyiEoblNEGEQ+RzHPF078ddwwvV3Y=
github.com/Microsoft/go-winio v0.5.2/go.mod h1:WpS1mjBmmwHBEWmogvA2mj8546UReBk4v8QkMxJ6pZY=
github.com/Microsoft/go-winio v0.6.2 h1:F2VQgta7ecxGYO8k3ZZz3RS8fVIXVxONVUPlNERoyfY=
github.com/Microsoft/go-winio v0.6.2/go.mod h1:yd8OoFMLzJbo9gZq8j5qaps8bJ9aShtEA8Ipt1oGCvU=
github.com/ProtonMail/go-crypto v0.0.0-20230828082145-3c4c8a2d2371 h1:kkhsdkhsCvIsutKu5zLMgWtgh9YxGCNAw8Ad8hjwfYg=
github.com/ProtonMail/go-crypto v0.0.0-20230828082145-3c4c8a2d2371/go.mod h1:EjAoLdwvbIOoOQr3ihjnSoLZRtE8azugULFRteWMNc0=
github.com/anmitsu/go-shlex v0.0.0-20200514113438-38f4b401e2be h1:9AeTilPcZAjCFIImctFaOjnTIavg87rW78vTPkQqLI8=
github.com/anmitsu/go-shlex v0.0.0-20200514113438-38f4b401e2be/go.mod h1:ySMOLuWl6zY27l47sB3qLNK6tF2fkHG55UZxx8oIVo4=
github.com/armon/go-socks5 v0.0.0-20160902184237-e75332964ef5 h1:0CwZNZbxp69SHPdPJAN/hZIm0C4OItdklCFmMRWYpio=
github.com/armon/go-socks5 v0.0.0-20160902184237-e75332964ef5/go.mod h1:wHh0iHkYZB8zMSxRWpUBQtwG5a7fFgvEO+odwuTv2gs=
github.com/asaskevich/govalidator v0.0.0-20230301143203-a9d515a09cc2 h1:DklsrG3dyBCFEj5IhUbnKptjxatkF07cF2ak3yi77so=
github.com/asaskevich/govalidator v0.0.0-20230301143203-a9d515a09cc2/go.mod h1:WaHUgvxTVq04UNunO+XhnAqY/wQc+bxr74GqbsZ/Jqw=
github.com/aws/aws-sdk-go v1.55.5 h1:KKUZBfBoyqy5d3swXyiC7Q76ic40rYcbqH7qjh59kzU=
github.com/aws/aws-sdk-go v1.55.5/go.mod h1:eRwEWoyTWFMVYVQzKMNHWP5/RV4xIUGMQfXQHfHkpNU=
github.com/bwesterb/go-ristretto v1.2.3/go.mod h1:fUIoIZaG73pV5biE2Blr2xEzDoMj7NFEuV9ekS419A0=
github.com/cespare/xxhash/v2 v2.3.0 h1:UL815xU9SqsFlibzuggzjXhog7bL6oX9BbNZnL2UFvs=
github.com/cespare/xxhash/v2 v2.3.0/go.mod h1:VGX0DQ3Q6kWi7AoAeZDth3/j3BFtOZR5XLFGgcrjCOs=
github.com/cloudflare/circl v1.3.3/go.mod h1:5XYMA4rFBvNIrhs50XuiBJ15vF2pZn4nnUKZrLbUZFA=
github.com/cloudflare/circl v1.3.7 h1:qlCDlTPz2n9fu58M0Nh1J/JzcFpfgkFHHX3O35r5vcU=
github.com/cloudflare/circl v1.3.7/go.mod h1:sRTcRWXGLrKw6yIGJ+l7amYJFfAXbZG0kBSc8r4zxgA=
github.com/cpuguy83/go-md2man/v2 v2.0.2/go.mod h1:tgQtvFlXSQOSOSIRvRPT7W67SCa46tRHOmNcaadrF8o=
github.com/cyphar/filepath-securejoin v0.2.4 h1:Ugdm7cg7i6ZK6x3xDF1oEu1nfkyfH53EtKeQYTC3kyg=
github.com/cyphar/filepath-securejoin v0.2.4/go.mod h1:aPGpWjXOXUn2NCNjFvBE6aRxGGx79pTxQpKOJNYHHl4=
github.com/davecgh/go-spew v1.1.0/go.mod h1:J7Y8YcW2NihsgmVo/mv3lAwl/skON4iLHjSsI+c5H38=
github.com/davecgh/go-spew v1.1.1/go.mod h1:J7Y8YcW2NihsgmVo/mv3lAwl/skON4iLHjSsI+c5H38=
github.com/davecgh/go-spew v1.1.2-0.20180830191138-d8f796af33cc h1:U9qPSI2PIWSS1VwoXQT9A3Wy9MM3WgvqSxFWenqJduM=
github.com/davecgh/go-spew v1.1.2-0.20180830191138-d8f796af33cc/go.mod h1:J7Y8YcW2NihsgmVo/mv3lAwl/skON4iLHjSsI+c5H38=
github.com/docker/go-units v0.5.0 h1:69rxXcBk27SvSaaxTtLh/8llcHD8vYHT7WSdRZ/jvr4=
github.com/docker/go-units v0.5.0/go.mod h1:fgPhTUdO+D/Jk86RDLlptpiXQzgHJF7gydDDbaIK4Dk=
github.com/dustin/go-humanize v1.0.1 h1:GzkhY7T5VNhEkwH0PVJgjz+fX1rhBrR7pRT3mDkpeCY=
github.com/dustin/go-humanize v1.0.1/go.mod h1:Mu1zIs6XwVuF/gI1OepvI0qD18qycQx+mFykh5fBlto=
github.com/ebitengine/purego v0.6.0-alpha.5 h1:EYID3JOAdmQ4SNZYJHu9V6IqOeRQDBYxqKAg9PyoHFY=
github.com/ebitengine/purego v0.6.0-alpha.5/go.mod h1:ah1In8AOtksoNK6yk5z1HTJeUkC1Ez4Wk2idgGslMwQ=
github.com/elazarl/goproxy v0.0.0-20230808193330-2592e75ae04a h1:mATvB/9r/3gvcejNsXKSkQ6lcIaNec2nyfOdlTBR2lU=
github.com/elazarl/goproxy v0.0.0-20230808193330-2592e75ae04a/go.mod h1:Ro8st/ElPeALwNFlcTpWmkr6IoMFfkjXAvTHpevnDsM=
github.com/emirpasic/gods v1.18.1 h1:FXtiHYKDGKCW2KzwZKx0iC0PQmdlorYgdFG9jPXJ1Bc=
github.com/emirpasic/gods v1.18.1/go.mod h1:8tpGGwCnJ5H4r6BWwaV6OrWmMoPhUl5jm/FMNAnJvWQ=
github.com/fatih/color v1.13.0/go.mod h1:kLAiJbzzSOZDVNGyDpeOxJ47H46qBXwg5ILebYFFOfk=
github.com/fatih/color v1.17.0 h1:GlRw1BRJxkpqUCBKzKOw098ed57fEsKeNjpTe3cSjK4=
github.com/fatih/color v1.17.0/go.mod h1:YZ7TlrGPkiz6ku9fK3TLD/pl3CpsiFyu8N92HLgmosI=
github.com/gliderlabs/ssh v0.3.5 h1:OcaySEmAQJgyYcArR+gGGTHCyE7nvhEMTlYY+Dp8CpY=
github.com/gliderlabs/ssh v0.3.5/go.mod h1:8XB4KraRrX39qHhT6yxPsHedjA08I/uBVwj4xC+/+z4=
github.com/go-git/gcfg v1.5.1-0.20230307220236-3a3c6141e376 h1:+zs/tPmkDkHx3U66DAb0lQFJrpS6731Oaa12ikc+DiI=
github.com/go-git/gcfg v1.5.1-0.20230307220236-3a3c6141e376/go.mod h1:an3vInlBmSxCcxctByoQdvwPiA7DTK7jaaFDBTtu0ic=
github.com/go-git/go-billy/v5 v5.5.0 h1:yEY4yhzCDuMGSv83oGxiBotRzhwhNr8VZyphhiu+mTU=
github.com/go-git/go-billy/v5 v5.5.0/go.mod h1:hmexnoNsr2SJU1Ju67OaNz5ASJY3+sHgFRpCtpDCKow=
github.com/go-git/go-git-fixtures/v4 v4.3.2-0.20231010084843-55a94097c399 h1:eMje31YglSBqCdIqdhKBW8lokaMrL3uTkpGYlE2OOT4=
github.com/go-git/go-git-fixtures/v4 v4.3.2-0.20231010084843-55a94097c399/go.mod h1:1OCfN199q1Jm3HZlxleg+Dw/mwps2Wbk9frAWm+4FII=
github.com/go-git/go-git/v5 v5.11.0 h1:XIZc1p+8YzypNr34itUfSvYJcv+eYdTnTvOZ2vD3cA4=
github.com/go-git/go-git/v5 v5.11.0/go.mod h1:6GFcX2P3NM7FPBfpePbpLd21XxsgdAt+lKqXmCUiUCY=
github.com/go-logr/logr v1.2.2/go.mod h1:jdQByPbusPIv2/zmleS9BjJVeZ6kBagPoEUsqbVz/1A=
github.com/go-logr/logr v1.4.2 h1:6pFjapn8bFcIbiKo3XT4j/BhANplGihG6tvd+8rYgrY=
github.com/go-logr/logr v1.4.2/go.mod h1:9T104GzyrTigFIr8wt5mBrctHMim0Nb2HLGrmQ40KvY=
github.com/go-logr/stdr v1.2.2 h1:hSWxHoqTgW2S2qGc0LTAI563KZ5YKYRhT3MFKZMbjag=
github.com/go-logr/stdr v1.2.2/go.mod h1:mMo/vtBO5dYbehREoey6XUKy/eSumjCCveDpRre4VKE=
github.com/go-openapi/analysis v0.23.0 h1:aGday7OWupfMs+LbmLZG4k0MYXIANxcuBTYUC03zFCU=
github.com/go-openapi/analysis v0.23.0/go.mod h1:9mz9ZWaSlV8TvjQHLl2mUW2PbZtemkE8yA5v22ohupo=
github.com/go-openapi/errors v0.22.0 h1:c4xY/OLxUBSTiepAg3j/MHuAv5mJhnf53LLMWFB+u/w=
github.com/go-openapi/errors v0.22.0/go.mod h1:J3DmZScxCDufmIMsdOuDHxJbdOGC0xtUynjIx092vXE=
github.com/go-openapi/jsonpointer v0.21.0 h1:YgdVicSA9vH5RiHs9TZW5oyafXZFc6+2Vc1rr/O9oNQ=
github.com/go-openapi/jsonpointer v0.21.0/go.mod h1:IUyH9l/+uyhIYQ/PXVA41Rexl+kOkAPDdXEYns6fzUY=
github.com/go-openapi/jsonreference v0.21.0 h1:Rs+Y7hSXT83Jacb7kFyjn4ijOuVGSvOdF2+tg1TRrwQ=
github.com/go-openapi/jsonreference v0.21.0/go.mod h1:LmZmgsrTkVg9LG4EaHeY8cBDslNPMo06cago5JNLkm4=
github.com/go-openapi/loads v0.22.0 h1:ECPGd4jX1U6NApCGG1We+uEozOAvXvJSF4nnwHZ8Aco=
github.com/go-openapi/loads v0.22.0/go.mod h1:yLsaTCS92mnSAZX5WWoxszLj0u+Ojl+Zs5Stn1oF+rs=
github.com/go-openapi/runtime v0.28.0 h1:gpPPmWSNGo214l6n8hzdXYhPuJcGtziTOgUpvsFWGIQ=
github.com/go-openapi/runtime v0.28.0/go.mod h1:QN7OzcS+XuYmkQLw05akXk0jRH/eZ3kb18+1KwW9gyc=
github.com/go-openapi/spec v0.21.0 h1:LTVzPc3p/RzRnkQqLRndbAzjY0d0BCL72A6j3CdL9ZY=
github.com/go-openapi/spec v0.21.0/go.mod h1:78u6VdPw81XU44qEWGhtr982gJ5BWg2c0I5XwVMotYk=
github.com/go-openapi/strfmt v0.23.0 h1:nlUS6BCqcnAk0pyhi9Y+kdDVZdZMHfEKQiS4HaMgO/c=
github.com/go-openapi/strfmt v0.23.0/go.mod h1:NrtIpfKtWIygRkKVsxh7XQMDQW5HKQl6S5ik2elW+K4=
github.com/go-openapi/swag v0.23.0 h1:vsEVJDUo2hPJ2tu0/Xc+4noaxyEffXNIs3cOULZ+GrE=
github.com/go-openapi/swag v0.23.0/go.mod h1:esZ8ITTYEsH1V2trKHjAN8Ai7xHb8RV+YSZ577vPjgQ=
github.com/go-openapi/validate v0.24.0 h1:LdfDKwNbpB6Vn40xhTdNZAnfLECL81w+VX3BumrGD58=
github.com/go-openapi/validate v0.24.0/go.mod h1:iyeX1sEufmv3nPbBdX3ieNviWnOZaJ1+zquzJEf2BAQ=
github.com/golang-migrate/migrate/v4 v4.14.1 h1:qmRd/rNGjM1r3Ve5gHd5ZplytrD02UcItYNxJ3iUHHE=
github.com/golang-migrate/migrate/v4 v4.14.1/go.mod h1:l7Ks0Au6fYHuUIxUhQ0rcVX1uLlJg54C/VvW7tvxSz0=
github.com/golang/groupcache v0.0.0-20210331224755-41bb18bfe9da h1:oI5xCqsCo564l8iNU+DwB5epxmsaqB+rhGL0m5jtYqE=
github.com/golang/groupcache v0.0.0-20210331224755-41bb18bfe9da/go.mod h1:cIg4eruTrX1D+g88fzRXU5OdNfaM+9IcxsU14FzY7Hc=
github.com/google/go-cmp v0.6.0 h1:ofyhxvXcZhMsU5ulbFiLKl/XBFqE1GSq7atu8tAmTRI=
github.com/google/go-cmp v0.6.0/go.mod h1:17dUlkBOakJ0+DkrSSNjCkIjxS6bF9zb3elmeNGIjoY=
github.com/google/uuid v1.6.0 h1:NIvaJDMOsjHA8n1jAhLSgzrAzy1Hgr+hNrb57e+94F0=
github.com/google/uuid v1.6.0/go.mod h1:TIyPZe4MgqvfeYDBFedMoGGpEw/LqOeaOT+nhxU+yHo=
github.com/hashicorp/errwrap v1.1.0 h1:OxrOeh75EUXMY8TBjag2fzXGZ40LB6IKw45YeGUDY2I=
github.com/hashicorp/errwrap v1.1.0/go.mod h1:YH+1FKiLXxHSkmPseP+kNlulaMuP3n2brvKWEqk/Jc4=
github.com/hashicorp/go-hclog v1.6.3 h1:Qr2kF+eVWjTiYmU7Y31tYlP1h0q/X3Nl3tPGdaB11/k=
github.com/hashicorp/go-hclog v1.6.3/go.mod h1:W4Qnvbt70Wk/zYJryRzDRU/4r0kIg0PVHBcfoyhpF5M=
github.com/hashicorp/go-multierror v1.1.1 h1:H5DkEtf6CXdFp0N0Em5UCwQpXMWke8IA0+lD48awMYo=
github.com/hashicorp/go-multierror v1.1.1/go.mod h1:iw975J/qwKPdAO1clOe2L8331t/9/fmwbPZ6JB6eMoM=
github.com/hashicorp/go-uuid v1.0.3 h1:2gKiV6YVmrJ1i2CKKa9obLvRieoRGviZFL26PcT/Co8=
github.com/hashicorp/go-uuid v1.0.3/go.mod h1:6SBZvOh/SIDV7/2o3Jml5SYk/TvGqwFJ/bN7x4byOro=
github.com/hashicorp/go-version v1.7.0 h1:5tqGy27NaOTB8yJKUZELlFAS/LTKJkrmONwQKeRZfjY=
github.com/hashicorp/go-version v1.7.0/go.mod h1:fltr4n8CU8Ke44wwGCBoEymUuxUHl09ZGVZPK5anwXA=
github.com/hashicorp/releases-api v0.1.21 h1:69Kp1h6yaAqVe2STRtvyI53QG1VokEA4q06g9A1qYlQ=
github.com/hashicorp/releases-api v0.1.21/go.mod h1:XfgR/qvGiyv4tTTAObqzD/SGDG1mfSF3XYpT7gjBJQk=
github.com/imdario/mergo v0.3.16 h1:wwQJbIsHYGMUyLSPrEq1CT16AhnhNJQ51+4fdHUnCl4=
github.com/imdario/mergo v0.3.16/go.mod h1:WBLT9ZmE3lPoWsEzCh9LPo3TiwVN+ZKEjmz+hD27ysY=
github.com/inconshreveable/mousetrap v1.0.1/go.mod h1:vpF70FUmC8bwa3OWnCshd2FqLfsEA9PFc4w1p2J65bw=
github.com/inconshreveable/mousetrap v1.1.0 h1:wN+x4NVGpMsO7ErUn/mUI3vEoE6Jt13X2s0bqwp9tc8=
github.com/inconshreveable/mousetrap v1.1.0/go.mod h1:vpF70FUmC8bwa3OWnCshd2FqLfsEA9PFc4w1p2J65bw=
github.com/jackc/pgerrcode v0.0.0-20201024163028-a0d42d470451 h1:WAvSpGf7MsFuzAtK4Vk7R4EVe+liW4x83r4oWu0WHKw=
github.com/jackc/pgerrcode v0.0.0-20201024163028-a0d42d470451/go.mod h1:a/s9Lp5W7n/DD0VrVoyJ00FbP2ytTPDVOivvn2bMlds=
github.com/jackc/pgx v3.6.2+incompatible h1:2zP5OD7kiyR3xzRYMhOcXVvkDZsImVXfj+yIyTQf3/o=
github.com/jackc/pgx v3.6.2+incompatible/go.mod h1:0ZGrqGqkRlliWnWB4zKnWtjbSWbGkVEFm4TeybAXq+I=
github.com/jbenet/go-context v0.0.0-20150711004518-d14ea06fba99 h1:BQSFePA1RWJOlocH6Fxy8MmwDt+yVQYULKfN0RoTN8A=
github.com/jbenet/go-context v0.0.0-20150711004518-d14ea06fba99/go.mod h1:1lJo3i6rXxKeerYnT8Nvf0QmHCRC1n8sfWVwXF2Frvo=
github.com/jessevdk/go-flags v1.6.1 h1:Cvu5U8UGrLay1rZfv/zP7iLpSHGUZ/Ou68T0iX1bBK4=
github.com/jessevdk/go-flags v1.6.1/go.mod h1:Mk8T1hIAWpOiJiHa9rJASDK2UGWji0EuPGBnNLMooyc=
github.com/jmespath/go-jmespath v0.4.0 h1:BEgLn5cpjn8UN1mAw4NjwDrS35OdebyEtFe+9YPoQUg=
github.com/jmespath/go-jmespath v0.4.0/go.mod h1:T8mJZnbsbmF+m6zOOFylbeCJqk5+pHWvzYPziyZiYoo=
github.com/josharian/intern v1.0.0 h1:vlS4z54oSdjm0bgjRigI+G1HpF+tI+9rE5LLzOg8HmY=
github.com/josharian/intern v1.0.0/go.mod h1:5DoeVV0s6jJacbCEi61lwdGj/aVlrQvzHFFd8Hwg//Y=
github.com/kevinburke/ssh_config v1.2.0 h1:x584FjTGwHzMwvHx18PXxbBVzfnxogHaAReU4gf13a4=
github.com/kevinburke/ssh_config v1.2.0/go.mod h1:CT57kijsi8u/K/BOFA39wgDQJ9CxiF4nAY/ojJ6r6mM=
github.com/kr/pretty v0.1.0/go.mod h1:dAy3ld7l9f0ibDNOQOHHMYYIIbhfbHSm3C4ZsoJORNo=
github.com/kr/pretty v0.3.1 h1:flRD4NNwYAUpkphVc1HcthR4KEIFJ65n8Mw5qdRn3LE=
github.com/kr/pretty v0.3.1/go.mod h1:hoEshYVHaxMs3cyo3Yncou5ZscifuDolrwPKZanG3xk=
github.com/kr/pty v1.1.1/go.mod h1:pFQYn66WHrOpPYNljwOMqo10TkYh1fy3cYio2l3bCsQ=
github.com/kr/text v0.1.0/go.mod h1:4Jbv+DJW3UT/LiOwJeYQe1efqtUx/iVham/4vfdArNI=
github.com/kr/text v0.2.0 h1:5Nx0Ya0ZqY2ygV366QzturHI13Jq95ApcVaJBhpS+AY=
github.com/kr/text v0.2.0/go.mod h1:eLer722TekiGuMkidMxC/pM04lWEeraHUUmBw8l2grE=
github.com/lib/pq v1.10.9 h1:YXG7RB+JIjhP29X+OtkiDnYaXQwpS4JEWq7dtCCRUEw=
github.com/lib/pq v1.10.9/go.mod h1:AlVN5x4E4T544tWzH6hKfbfQvm3HdbOxrmggDNAPY9o=
github.com/mailru/easyjson v0.7.7 h1:UGYAvKxe3sBsEDzO8ZeWOSlIQfWFlxbzLZe7hwFURr0=
github.com/mailru/easyjson v0.7.7/go.mod h1:xzfreul335JAWq5oZzymOObrkdz5UnU4kGfJJLY9Nlc=
github.com/mattn/go-colorable v0.1.9/go.mod h1:u6P/XSegPjTcexA+o6vUJrdnUu04hMope9wVRipJSqc=
github.com/mattn/go-colorable v0.1.12/go.mod h1:u5H1YNBxpqRaxsYJYSkiCWKzEfiAb1Gb520KVy5xxl4=
github.com/mattn/go-colorable v0.1.13 h1:fFA4WZxdEF4tXPZVKMLwD8oUnCTTo08duU7wxecdEvA=
github.com/mattn/go-colorable v0.1.13/go.mod h1:7S9/ev0klgBDR4GtXTXX8a3vIGJpMovkB8vQcUbaXHg=
github.com/mattn/go-isatty v0.0.12/go.mod h1:cbi8OIDigv2wuxKPP5vlRcQ1OAZbq2CE4Kysco4FUpU=
github.com/mattn/go-isatty v0.0.14/go.mod h1:7GGIvUiUoEMVVmxf/4nioHXj79iQHKdU27kJ6hsGG94=
github.com/mattn/go-isatty v0.0.16/go.mod h1:kYGgaQfpe5nmfYZH+SKPsOc2e4SrIfOl2e/yFXSvRLM=
github.com/mattn/go-isatty v0.0.20 h1:xfD0iDuEKnDkl03q4limB+vH+GxLEtL/jb4xVJSWWEY=
github.com/mattn/go-isatty v0.0.20/go.mod h1:W+V8PltTTMOvKvAeJH7IuucS94S2C6jfK/D7dTCTo3Y=
github.com/mitchellh/go-testing-interface v1.14.1 h1:jrgshOhYAUVNMAJiKbEu7EqAwgJJ2JqpQmpLJOu07cU=
github.com/mitchellh/go-testing-interface v1.14.1/go.mod h1:gfgS7OtZj6MA4U1UrDRp04twqAjfvlZyCfX3sDjEym8=
github.com/mitchellh/hashstructure v1.1.0 h1:P6P1hdjqAAknpY/M1CGipelZgp+4y9ja9kmUZPXP+H0=
github.com/mitchellh/hashstructure v1.1.0/go.mod h1:xUDAozZz0Wmdiufv0uyhnHkUTN6/6d8ulp4AwfLKrmA=
github.com/mitchellh/mapstructure v1.4.1/go.mod h1:bFUtVrKA4DC2yAKiSyO/QUcy7e+RRV2QTWOzhPopBRo=
github.com/mitchellh/mapstructure v1.5.0 h1:jeMsZIYE/09sWLaz43PL7Gy6RuMjD2eJVyuac5Z2hdY=
github.com/mitchellh/mapstructure v1.5.0/go.mod h1:bFUtVrKA4DC2yAKiSyO/QUcy7e+RRV2QTWOzhPopBRo=
github.com/mitchellh/pointerstructure v1.2.1 h1:ZhBBeX8tSlRpu/FFhXH4RC4OJzFlqsQhoHZAz4x7TIw=
github.com/mitchellh/pointerstructure v1.2.1/go.mod h1:BRAsLI5zgXmw97Lf6s25bs8ohIXc3tViBH44KcwB2g4=
github.com/oklog/ulid v1.3.1 h1:EGfNDEx6MqHz8B3uNV6QAib1UR2Lm97sHi3ocA6ESJ4=
github.com/oklog/ulid v1.3.1/go.mod h1:CirwcVhetQ6Lv90oh/F+FBtV6XMibvdAFo93nm5qn4U=
github.com/onsi/gomega v1.27.10 h1:naR28SdDFlqrG6kScpT8VWpu1xWY5nJRCF3XaYyBjhI=
github.com/onsi/gomega v1.27.10/go.mod h1:RsS8tutOdbdgzbPtzzATp12yT7kM5I5aElG3evPbQ0M=
github.com/opentracing/opentracing-go v1.2.1-0.20220228012449-10b1cf09e00b h1:FfH+VrHHk6Lxt9HdVS0PXzSXFyS2NbZKXv33FYPol0A=
github.com/opentracing/opentracing-go v1.2.1-0.20220228012449-10b1cf09e00b/go.mod h1:AC62GU6hc0BrNm+9RK9VSiwa/EUe1bkIeFORAMcHvJU=
github.com/outcaste-io/ristretto v0.2.3 h1:AK4zt/fJ76kjlYObOeNwh4T3asEuaCmp26pOvUOL9w0=
github.com/outcaste-io/ristretto v0.2.3/go.mod h1:W8HywhmtlopSB1jeMg3JtdIhf+DYkLAr0VN/s4+MHac=
github.com/philhofer/fwd v1.1.2 h1:bnDivRJ1EWPjUIRXV5KfORO897HTbpFAQddBdE8t7Gw=
github.com/philhofer/fwd v1.1.2/go.mod h1:qkPdfjR2SIEbspLqpe1tO4n5yICnr2DY7mqEx2tUTP0=
github.com/pjbgf/sha1cd v0.3.0 h1:4D5XXmUUBUl/xQ6IjCkEAbqXskkq/4O7LmGn0AqMDs4=
github.com/pjbgf/sha1cd v0.3.0/go.mod h1:nZ1rrWOcGJ5uZgEEVL1VUM9iRQiZvWdbZjkKyFzPPsI=
github.com/pkg/errors v0.9.1 h1:FEBLx1zS214owpjy7qsBeixbURkuhQAwrK5UwLGTwt4=
github.com/pkg/errors v0.9.1/go.mod h1:bwawxfHBFNV+L2hUp1rHADufV3IMtnDRdf1r5NINEl0=
github.com/pmezard/go-difflib v1.0.0/go.mod h1:iKH77koFhYxTK1pcRnkKkqfTogsbg7gZNVY4sRDYZ/4=
github.com/pmezard/go-difflib v1.0.1-0.20181226105442-5d4384ee4fb2 h1:Jamvg5psRIccs7FGNTlIRMkT8wgtp5eCXdBlqhYGL6U=
github.com/pmezard/go-difflib v1.0.1-0.20181226105442-5d4384ee4fb2/go.mod h1:iKH77koFhYxTK1pcRnkKkqfTogsbg7gZNVY4sRDYZ/4=
github.com/rogpeppe/go-internal v1.12.0 h1:exVL4IDcn6na9z1rAb56Vxr+CgyK3nn3O+epU5NdKM8=
github.com/rogpeppe/go-internal v1.12.0/go.mod h1:E+RYuTGaKKdloAfM02xzb0FW3Paa99yedzYV+kq4uf4=
github.com/russross/blackfriday/v2 v2.1.0/go.mod h1:+Rmxgy9KzJVeS9/2gXHxylqXiyQDYRxCVz55jmeOWTM=
github.com/secure-systems-lab/go-securesystemslib v0.7.0 h1:OwvJ5jQf9LnIAS83waAjPbcMsODrTQUpJ02eNLUoxBg=
github.com/secure-systems-lab/go-securesystemslib v0.7.0/go.mod h1:/2gYnlnHVQ6xeGtfIqFy7Do03K4cdCY0A/GlJLDKLHI=
github.com/sergi/go-diff v1.1.0 h1:we8PVUC3FE2uYfodKH/nBHMSetSfHDR6scGdBi+erh0=
github.com/sergi/go-diff v1.1.0/go.mod h1:STckp+ISIX8hZLjrqAeVduY0gWCT9IjLuqbuNXdaHfM=
github.com/sirupsen/logrus v1.7.0/go.mod h1:yWOB1SBYBC5VeMP7gHvWumXLIWorT60ONWic61uBYv0=
github.com/skeema/knownhosts v1.2.1 h1:SHWdIUa82uGZz+F+47k8SY4QhhI291cXCpopT1lK2AQ=
github.com/skeema/knownhosts v1.2.1/go.mod h1:xYbVRSPxqBZFrdmDyMmsOs+uX1UZC3nTN3ThzgDxUwo=
github.com/spf13/cobra v1.6.1 h1:o94oiPyS4KD1mPy2fmcYYHHfCxLqYjJOhGsCHFZtEzA=
github.com/spf13/cobra v1.6.1/go.mod h1:IOw/AERYS7UzyrGinqmz6HLUo219MORXGxhbaJUqzrY=
github.com/spf13/pflag v1.0.5 h1:iy+VFUOCP1a+8yFto/drg2CJ5u0yRoB7fZw3DKv/JXA=
github.com/spf13/pflag v1.0.5/go.mod h1:McXfInJRrz4CZXVZOBLb0bTZqETkiAhM9Iw0y3An2Bg=
github.com/stretchr/objx v0.1.0/go.mod h1:HFkY916IF+rwdDfMAkV7OtwuqBVzrE8GR6GFx+wExME=
github.com/stretchr/testify v1.2.2/go.mod h1:a8OnRcib4nhh0OaRAV+Yts87kKdq0PP7pXfy6kDkUVs=
github.com/stretchr/testify v1.4.0/go.mod h1:j7eGeouHqKxXV5pUuKE4zz7dFj8WfuZ+81PSLYec5m4=
github.com/stretchr/testify v1.7.0/go.mod h1:6Fq8oRcR53rry900zMqJjRRixrwX3KX962/h/Wwjteg=
github.com/stretchr/testify v1.7.2/go.mod h1:R6va5+xMeoiuVRoj+gSkQ7d3FALtqAAGI1FQKckRals=
github.com/stretchr/testify v1.9.0 h1:HtqpIVDClZ4nwg75+f6Lvsy/wHu+3BoSGCbBAcpTsTg=
github.com/stretchr/testify v1.9.0/go.mod h1:r2ic/lqez/lEtzL7wO/rwa5dbSLXVDPFyf8C91i36aY=
github.com/tinylib/msgp v1.1.8 h1:FCXC1xanKO4I8plpHGH2P7koL/RzZs12l/+r7vakfm0=
github.com/tinylib/msgp v1.1.8/go.mod h1:qkpG+2ldGg4xRFmx+jfTvZPxfGFhi64BcnL9vkCm/Tw=
github.com/xanzy/ssh-agent v0.3.3 h1:+/15pJfg/RsTxqYcX6fHqOXZwwMP+2VyYWJeWM2qQFM=
github.com/xanzy/ssh-agent v0.3.3/go.mod h1:6dzNDKs0J9rVPHPhaGCukekBHKqfl+L3KghI1Bc68Uw=
github.com/yuin/goldmark v1.4.13/go.mod h1:6yULJ656Px+3vBD8DxQVa3kxgyrAnzto9xy5taEt/CY=
go.mongodb.org/mongo-driver v1.16.1 h1:rIVLL3q0IHM39dvE+z2ulZLp9ENZKThVfuvN/IiN4l8=
go.mongodb.org/mongo-driver v1.16.1/go.mod h1:oB6AhJQvFQL4LEHyXi6aJzQJtBiTQHiAd83l0GdFaiw=
go.opentelemetry.io/otel v1.30.0 h1:F2t8sK4qf1fAmY9ua4ohFS/K+FUuOPemHUIXHtktrts=
go.opentelemetry.io/otel v1.30.0/go.mod h1:tFw4Br9b7fOS+uEao81PJjVMjW/5fvNCbpsDIXqP0pc=
go.opentelemetry.io/otel/metric v1.30.0 h1:4xNulvn9gjzo4hjg+wzIKG7iNFEaBMX00Qd4QIZs7+w=
go.opentelemetry.io/otel/metric v1.30.0/go.mod h1:aXTfST94tswhWEb+5QjlSqG+cZlmyXy/u8jFpor3WqQ=
go.opentelemetry.io/otel/sdk v1.30.0 h1:cHdik6irO49R5IysVhdn8oaiR9m8XluDaJAs4DfOrYE=
go.opentelemetry.io/otel/sdk v1.30.0/go.mod h1:p14X4Ok8S+sygzblytT1nqG98QG2KYKv++HE0LY/mhg=
go.opentelemetry.io/otel/trace v1.30.0 h1:7UBkkYzeg3C7kQX8VAidWh2biiQbtAKjyIML8dQ9wmc=
go.opentelemetry.io/otel/trace v1.30.0/go.mod h1:5EyKqTzzmyqB9bwtCCq6pDLktPK6fmGf/Dph+8VI02o=
go.uber.org/atomic v1.11.0 h1:ZvwS0R+56ePWxUNi+Atn9dWONBPp/AUETXlHW0DxSjE=
go.uber.org/atomic v1.11.0/go.mod h1:LUxbIzbOniOlMKjJjyPfpl4v+PKK2cNJn91OQbhoJI0=
golang.org/x/crypto v0.0.0-20190308221718-c2843e01d9a2/go.mod h1:djNgcEr1/C05ACkg1iLfiJU5Ep61QUkGW8qpdssI0+w=
golang.org/x/crypto v0.0.0-20210921155107-089bfa567519/go.mod h1:GvvjBRRGRdwPK5ydBHafDWAxML/pGHZbMvKqRZ5+Abc=
golang.org/x/crypto v0.0.0-20220622213112-05595931fe9d/go.mod h1:IxCIyHEi3zRg3s0A5j5BB6A9Jmi73HwBIUl50j+osU4=
golang.org/x/crypto v0.3.1-0.20221117191849-2c476679df9a/go.mod h1:hebNnKkNXi2UzZN1eVRvBB7co0a+JxK6XbPiWVs/3J4=
golang.org/x/crypto v0.7.0/go.mod h1:pYwdfH91IfpZVANVyUOhSIPZaFoJGxTFbZhFTx+dXZU=
golang.org/x/crypto v0.27.0 h1:GXm2NjJrPaiv/h1tb2UH8QfgC/hOf/+z0p6PT8o1w7A=
golang.org/x/crypto v0.27.0/go.mod h1:1Xngt8kV6Dvbssa53Ziq6Eqn0HqbZi5Z6R0ZpwQzt70=
golang.org/x/mod v0.6.0-dev.0.20220419223038-86c51ed26bb4/go.mod h1:jJ57K6gSWd91VN4djpZkiMVwK6gcyfeH4XE8wZrZaV4=
golang.org/x/mod v0.8.0/go.mod h1:iBbtSCu2XBx23ZKBPSOrRkjjQPZFPuis4dIYUhu/chs=
golang.org/x/mod v0.21.0 h1:vvrHzRwRfVKSiLrG+d4FMl/Qi4ukBCE6kZlTUkDYRT0=
golang.org/x/mod v0.21.0/go.mod h1:6SkKJ3Xj0I0BrPOZoBy3bdMptDDU9oJrpohJ3eWZ1fY=
golang.org/x/net v0.0.0-20190620200207-3b0461eec859/go.mod h1:z5CRVTTTmAJ677TzLLGU+0bjPO0LkuOLi4/5GtJWs/s=
golang.org/x/net v0.0.0-20210226172049-e18ecbb05110/go.mod h1:m0MpNAwzfU5UDzcl9v0D8zg8gWTRqZa9RBIspLL5mdg=
golang.org/x/net v0.0.0-20211112202133-69e39bad7dc2/go.mod h1:9nx3DQGgdP8bBQD5qxJ1jj9UTztislL4KSBs9R2vV5Y=
golang.org/x/net v0.0.0-20220722155237-a158d28d115b/go.mod h1:XRhObCWvk6IyKnWLug+ECip1KBveYUHfp+8e9klMJ9c=
golang.org/x/net v0.2.0/go.mod h1:KqCZLdyyvdV855qA2rE3GC2aiw5xGR5TEjj8smXukLY=
golang.org/x/net v0.6.0/go.mod h1:2Tu9+aMcznHK/AK1HMvgo6xiTLG5rD5rZLDS+rp2Bjs=
golang.org/x/net v0.8.0/go.mod h1:QVkue5JL9kW//ek3r6jTKnTFis1tRmNAW2P1shuFdJc=
golang.org/x/net v0.29.0 h1:5ORfpBpCs4HzDYoodCDBbwHzdR5UrLBZ3sOnUJmFoHo=
golang.org/x/net v0.29.0/go.mod h1:gLkgy8jTGERgjzMic6DS9+SP0ajcu6Xu3Orq/SpETg0=
golang.org/x/sync v0.0.0-20190423024810-112230192c58/go.mod h1:RxMgew5VJxzue5/jJTE5uejpjVlOe/izrB70Jof72aM=
golang.org/x/sync v0.0.0-20220722155255-886fb9371eb4/go.mod h1:RxMgew5VJxzue5/jJTE5uejpjVlOe/izrB70Jof72aM=
golang.org/x/sync v0.1.0/go.mod h1:RxMgew5VJxzue5/jJTE5uejpjVlOe/izrB70Jof72aM=
golang.org/x/sync v0.8.0 h1:3NFvSEYkUoMifnESzZl15y791HH1qU2xm6eCJU5ZPXQ=
golang.org/x/sync v0.8.0/go.mod h1:Czt+wKu1gCyEFDUtn0jG5QVvpJ6rzVqr5aXyt9drQfk=
golang.org/x/sys v0.0.0-20190215142949-d0b11bdaac8a/go.mod h1:STP8DvDyc/dI5b8T5hshtkjS+E42TnysNCUPdjciGhY=
golang.org/x/sys v0.0.0-20191026070338-33540a1f6037/go.mod h1:h1NjWce9XRLGQEsW7wpKNCjG9DtNlClVuFLEZdDNbEs=
golang.org/x/sys v0.0.0-20200116001909-b77594299b42/go.mod h1:h1NjWce9XRLGQEsW7wpKNCjG9DtNlClVuFLEZdDNbEs=
golang.org/x/sys v0.0.0-20200223170610-d5e6a3e2c0ae/go.mod h1:h1NjWce9XRLGQEsW7wpKNCjG9DtNlClVuFLEZdDNbEs=
golang.org/x/sys v0.0.0-20201119102817-f84b799fce68/go.mod h1:h1NjWce9XRLGQEsW7wpKNCjG9DtNlClVuFLEZdDNbEs=
golang.org/x/sys v0.0.0-20210124154548-22da62e12c0c/go.mod h1:h1NjWce9XRLGQEsW7wpKNCjG9DtNlClVuFLEZdDNbEs=
golang.org/x/sys v0.0.0-20210423082822-04245dca01da/go.mod h1:h1NjWce9XRLGQEsW7wpKNCjG9DtNlClVuFLEZdDNbEs=
golang.org/x/sys v0.0.0-20210615035016-665e8c7367d1/go.mod h1:oPkhp1MJrh7nUepCBck5+mAzfO9JrbApNNgaTdGDITg=
golang.org/x/sys v0.0.0-20210630005230-0f9fa26af87c/go.mod h1:oPkhp1MJrh7nUepCBck5+mAzfO9JrbApNNgaTdGDITg=
golang.org/x/sys v0.0.0-20210927094055-39ccf1dd6fa6/go.mod h1:oPkhp1MJrh7nUepCBck5+mAzfO9JrbApNNgaTdGDITg=
golang.org/x/sys v0.0.0-20220503163025-988cb79eb6c6/go.mod h1:oPkhp1MJrh7nUepCBck5+mAzfO9JrbApNNgaTdGDITg=
golang.org/x/sys v0.0.0-20220520151302-bc2c85ada10a/go.mod h1:oPkhp1MJrh7nUepCBck5+mAzfO9JrbApNNgaTdGDITg=
golang.org/x/sys v0.0.0-20220715151400-c0bba94af5f8/go.mod h1:oPkhp1MJrh7nUepCBck5+mAzfO9JrbApNNgaTdGDITg=
golang.org/x/sys v0.0.0-20220722155257-8c9f86f7a55f/go.mod h1:oPkhp1MJrh7nUepCBck5+mAzfO9JrbApNNgaTdGDITg=
golang.org/x/sys v0.0.0-20220811171246-fbc7d0a398ab/go.mod h1:oPkhp1MJrh7nUepCBck5+mAzfO9JrbApNNgaTdGDITg=
golang.org/x/sys v0.2.0/go.mod h1:oPkhp1MJrh7nUepCBck5+mAzfO9JrbApNNgaTdGDITg=
golang.org/x/sys v0.3.0/go.mod h1:oPkhp1MJrh7nUepCBck5+mAzfO9JrbApNNgaTdGDITg=
golang.org/x/sys v0.5.0/go.mod h1:oPkhp1MJrh7nUepCBck5+mAzfO9JrbApNNgaTdGDITg=
golang.org/x/sys v0.6.0/go.mod h1:oPkhp1MJrh7nUepCBck5+mAzfO9JrbApNNgaTdGDITg=
golang.org/x/sys v0.25.0 h1:r+8e+loiHxRqhXVl6ML1nO3l1+oFoWbnlu2Ehimmi34=
golang.org/x/sys v0.25.0/go.mod h1:/VUhepiaJMQUp4+oa/7Zr1D23ma6VTLIYjOOTFZPUcA=
golang.org/x/term v0.0.0-20201126162022-7de9c90e9dd1/go.mod h1:bj7SfCRtBDWHUb9snDiAeCFNEtKQo2Wmx5Cou7ajbmo=
golang.org/x/term v0.0.0-20210927222741-03fcf44c2211/go.mod h1:jbD1KX2456YbFQfuXm/mYQcufACuNUgVhRMnK/tPxf8=
golang.org/x/term v0.2.0/go.mod h1:TVmDHMZPmdnySmBfhjOoOdhjzdE1h4u1VwSiw2l1Nuc=
golang.org/x/term v0.5.0/go.mod h1:jMB1sMXY+tzblOD4FWmEbocvup2/aLOaQEp7JmGp78k=
golang.org/x/term v0.6.0/go.mod h1:m6U89DPEgQRMq3DNkDClhWw02AUbt2daBVO4cn4Hv9U=
golang.org/x/term v0.24.0 h1:Mh5cbb+Zk2hqqXNO7S1iTjEphVL+jb8ZWaqh/g+JWkM=
golang.org/x/term v0.24.0/go.mod h1:lOBK/LVxemqiMij05LGJ0tzNr8xlmwBRJ81PX6wVLH8=
golang.org/x/text v0.3.0/go.mod h1:NqM8EUOU14njkJ3fqMW+pc6Ldnwhi/IjpwHt7yyuwOQ=
golang.org/x/text v0.3.3/go.mod h1:5Zoc/QRtKVWzQhOtBMvqHzDpF6irO9z98xDceosuGiQ=
golang.org/x/text v0.3.6/go.mod h1:5Zoc/QRtKVWzQhOtBMvqHzDpF6irO9z98xDceosuGiQ=
golang.org/x/text v0.3.7/go.mod h1:u+2+/6zg+i71rQMx5EYifcz6MCKuco9NR6JIITiCfzQ=
golang.org/x/text v0.4.0/go.mod h1:mrYo+phRRbMaCq/xk9113O4dZlRixOauAjOtrjsXDZ8=
golang.org/x/text v0.7.0/go.mod h1:mrYo+phRRbMaCq/xk9113O4dZlRixOauAjOtrjsXDZ8=
golang.org/x/text v0.8.0/go.mod h1:e1OnstbJyHTd6l/uOt8jFFHp6TRDWZR/bV3emEE/zU8=
golang.org/x/text v0.18.0 h1:XvMDiNzPAl0jr17s6W9lcaIhGUfUORdGCNsuLmPG224=
golang.org/x/text v0.18.0/go.mod h1:BuEKDfySbSR4drPmRPG/7iBdf8hvFMuRexcpahXilzY=
golang.org/x/time v0.6.0 h1:eTDhh4ZXt5Qf0augr54TN6suAUudPcawVZeIAPU7D4U=
golang.org/x/time v0.6.0/go.mod h1:3BpzKBy/shNhVucY/MWOyx10tF3SFh9QdLuxbVysPQM=
golang.org/x/tools v0.0.0-20180917221912-90fa682c2a6e/go.mod h1:n7NCudcB/nEzxVGmLbDWY5pfWTLqBcC2KZ6jyYvM4mQ=
golang.org/x/tools v0.0.0-20191119224855-298f0cb1881e/go.mod h1:b+2E5dAYhXwXZwtnZ6UAqBI28+e2cm9otk0dWdXHAEo=
golang.org/x/tools v0.1.12/go.mod h1:hNGJHUnrk76NpqgfD5Aqm5Crs+Hm0VOH/i9J2+nxYbc=
golang.org/x/tools v0.6.0/go.mod h1:Xwgl3UAJ/d3gWutnCtw505GrjyAbvKui8lOU390QaIU=
golang.org/x/tools v0.21.1-0.20240508182429-e35e4ccd0d2d h1:vU5i/LfpvrRCpgM/VPfJLg5KjxD3E+hfT1SH+d9zLwg=
golang.org/x/tools v0.21.1-0.20240508182429-e35e4ccd0d2d/go.mod h1:aiJjzUbINMkxbQROHiO6hDPo2LHcIPhhQsa9DLh0yGk=
golang.org/x/xerrors v0.0.0-20190717185122-a985d3407aa7/go.mod h1:I/5z698sn9Ka8TeJc9MKroUUfqBBauWjQqLJ2OPfmY0=
golang.org/x/xerrors v0.0.0-20240716161551-93cc26a95ae9 h1:LLhsEBxRTBLuKlQxFBYUOU8xyFgXv6cOTp2HASDlsDk=
golang.org/x/xerrors v0.0.0-20240716161551-93cc26a95ae9/go.mod h1:NDW/Ps6MPRej6fsCIbMTohpP40sJ/P/vI1MoTEGwX90=
google.golang.org/protobuf v1.34.2 h1:6xV6lTsCfpGD21XK49h7MhtcApnLqkfYgPcdHftf6hg=
google.golang.org/protobuf v1.34.2/go.mod h1:qYOHts0dSfpeUzUFpOMr/WGzszTmLH+DiWniOlNbLDw=
gopkg.in/DataDog/dd-trace-go.v1 v1.66.0 h1:025+lLubGtpiDWrRmSOxoFBPIiVRVYRcqP9oLabVOeg=
gopkg.in/DataDog/dd-trace-go.v1 v1.66.0/go.mod h1:Av6AXGmQCQAbDnwNoPiuUz1k3GS8TwQjj+vEdwmEpmM=
gopkg.in/check.v1 v0.0.0-20161208181325-20d25e280405/go.mod h1:Co6ibVJAznAaIkqp8huTwlJQCZ016jof/cbN4VW5Yz0=
gopkg.in/check.v1 v1.0.0-20190902080502-41f04d3bba15/go.mod h1:Co6ibVJAznAaIkqp8huTwlJQCZ016jof/cbN4VW5Yz0=
gopkg.in/check.v1 v1.0.0-20201130134442-10cb98267c6c h1:Hei/4ADfdWqJk1ZMxUNpqntNwaWcugrBjAiHlqqRiVk=
gopkg.in/check.v1 v1.0.0-20201130134442-10cb98267c6c/go.mod h1:JHkPIbrfpd72SG/EVd6muEfDQjcINNoR0C8j2r3qZ4Q=
gopkg.in/square/go-jose.v2 v2.6.0 h1:NGk74WTnPKBNUhNzQX7PYcTLUjoq7mzKk2OKbvwk2iI=
gopkg.in/square/go-jose.v2 v2.6.0/go.mod h1:M9dMgbHiYLoDGQrXy7OpJDJWiKiU//h+vD76mk0e1AI=
gopkg.in/warnings.v0 v0.1.2 h1:wFXVbFY8DY5/xOe1ECiWdKCzZlxgshcYVNkBHstARME=
gopkg.in/warnings.v0 v0.1.2/go.mod h1:jksf8JmL6Qr/oQM2OXTHunEvvTAsrWBLb6OOjuVWRNI=
gopkg.in/yaml.v2 v2.2.2/go.mod h1:hI93XBmqTisBFMUTm0b8Fm+jr3Dg1NNxqwp+5A1VGuI=
gopkg.in/yaml.v2 v2.2.4/go.mod h1:hI93XBmqTisBFMUTm0b8Fm+jr3Dg1NNxqwp+5A1VGuI=
gopkg.in/yaml.v3 v3.0.0-20200313102051-9f266ea9e77c/go.mod h1:K4uyk7z7BCEPqu6E+C64Yfv1cQ7kz7rIZviUmN+EgEM=
gopkg.in/yaml.v3 v3.0.1 h1:fxVm/GzAzEWqLHuvctI91KS9hhNmmWOoWu0XTYJS7CA=
gopkg.in/yaml.v3 v3.0.1/go.mod h1:K4uyk7z7BCEPqu6E+C64Yfv1cQ7kz7rIZviUmN+EgEM=
